// !$*UTF8*$!
{
	archiveVersion = 1;
	classes = {
	};
	objectVersion = 48;
	objects = {

/* Begin PBXAggregateTarget section */
		24416B8111C4CA220047AFDD /* Build & Test */ = {
			isa = PBXAggregateTarget;
			buildConfigurationList = 24416B8A11C4CA520047AFDD /* Build configuration list for PBXAggregateTarget "Build & Test" */;
			buildPhases = (
				24416B8011C4CA220047AFDD /* ShellScript */,
			);
			dependencies = (
				24416B8511C4CA280047AFDD /* PBXTargetDependency */,
			);
			name = "Build & Test";
			productName = "Build & test";
		};
/* End PBXAggregateTarget section */

/* Begin PBXBuildFile section */
		24DD6CF91134B3F500162E58 /* TiMaterialModule.h in Headers */ = {isa = PBXBuildFile; fileRef = 24DD6CF71134B3F500162E58 /* TiMaterialModule.h */; };
		24DD6CFA1134B3F500162E58 /* TiMaterialModule.m in Sources */ = {isa = PBXBuildFile; fileRef = 24DD6CF81134B3F500162E58 /* TiMaterialModule.m */; };
		24DE9E1111C5FE74003F90F6 /* TiMaterialModuleAssets.h in Headers */ = {isa = PBXBuildFile; fileRef = 24DE9E0F11C5FE74003F90F6 /* TiMaterialModuleAssets.h */; };
		24DE9E1211C5FE74003F90F6 /* TiMaterialModuleAssets.m in Sources */ = {isa = PBXBuildFile; fileRef = 24DE9E1011C5FE74003F90F6 /* TiMaterialModuleAssets.m */; };
		AA747D9F0F9514B9006C5449 /* TiMaterial_Prefix.pch in Headers */ = {isa = PBXBuildFile; fileRef = AA747D9E0F9514B9006C5449 /* TiMaterial_Prefix.pch */; };
		AACBBE4A0F95108600F1A2B1 /* Foundation.framework in Frameworks */ = {isa = PBXBuildFile; fileRef = AACBBE490F95108600F1A2B1 /* Foundation.framework */; };
		D3A5C61C208A53CC0016243F /* TiMaterialCardView.m in Sources */ = {isa = PBXBuildFile; fileRef = D3A5C618208A53CB0016243F /* TiMaterialCardView.m */; };
		D3A5C61D208A53CC0016243F /* TiMaterialCardViewProxy.m in Sources */ = {isa = PBXBuildFile; fileRef = D3A5C619208A53CB0016243F /* TiMaterialCardViewProxy.m */; };
		D3A5C61E208A53CC0016243F /* TiMaterialCardViewProxy.h in Headers */ = {isa = PBXBuildFile; fileRef = D3A5C61A208A53CB0016243F /* TiMaterialCardViewProxy.h */; };
		D3A5C61F208A53CC0016243F /* TiMaterialCardView.h in Headers */ = {isa = PBXBuildFile; fileRef = D3A5C61B208A53CB0016243F /* TiMaterialCardView.h */; };
		DB21A3682027A91C00921236 /* Material.framework in Frameworks */ = {isa = PBXBuildFile; fileRef = DB21A3662027A91C00921236 /* Material.framework */; };
		DB21A3692027A91C00921236 /* Motion.framework in Frameworks */ = {isa = PBXBuildFile; fileRef = DB21A3672027A91C00921236 /* Motion.framework */; };
		DB21A36C2027A99B00921236 /* TiMaterialRaisedButton.h in Headers */ = {isa = PBXBuildFile; fileRef = DB21A36A2027A99B00921236 /* TiMaterialRaisedButton.h */; };
		DB21A36D2027A99B00921236 /* TiMaterialRaisedButton.m in Sources */ = {isa = PBXBuildFile; fileRef = DB21A36B2027A99B00921236 /* TiMaterialRaisedButton.m */; };
		DB21A3702027ABA800921236 /* TiMaterialRaisedButtonProxy.h in Headers */ = {isa = PBXBuildFile; fileRef = DB21A36E2027ABA800921236 /* TiMaterialRaisedButtonProxy.h */; };
		DB21A3712027ABA800921236 /* TiMaterialRaisedButtonProxy.m in Sources */ = {isa = PBXBuildFile; fileRef = DB21A36F2027ABA800921236 /* TiMaterialRaisedButtonProxy.m */; };
		DB7054052086255500E89D8A /* TiMaterialTextFieldProxy.h in Headers */ = {isa = PBXBuildFile; fileRef = DB7054012086255500E89D8A /* TiMaterialTextFieldProxy.h */; };
		DB7054062086255500E89D8A /* TiMaterialTextField.h in Headers */ = {isa = PBXBuildFile; fileRef = DB7054022086255500E89D8A /* TiMaterialTextField.h */; };
		DB7054072086255500E89D8A /* TiMaterialTextFieldProxy.m in Sources */ = {isa = PBXBuildFile; fileRef = DB7054032086255500E89D8A /* TiMaterialTextFieldProxy.m */; };
		DB7054082086255500E89D8A /* TiMaterialTextField.m in Sources */ = {isa = PBXBuildFile; fileRef = DB7054042086255500E89D8A /* TiMaterialTextField.m */; };
/* End PBXBuildFile section */

/* Begin PBXContainerItemProxy section */
		24416B8411C4CA280047AFDD /* PBXContainerItemProxy */ = {
			isa = PBXContainerItemProxy;
			containerPortal = 0867D690FE84028FC02AAC07 /* Project object */;
			proxyType = 1;
			remoteGlobalIDString = D2AAC07D0554694100DB518D;
			remoteInfo = "titanium-material";
		};
/* End PBXContainerItemProxy section */

/* Begin PBXFileReference section */
		24DD6CF71134B3F500162E58 /* TiMaterialModule.h */ = {isa = PBXFileReference; fileEncoding = 4; lastKnownFileType = sourcecode.c.h; name = TiMaterialModule.h; path = Classes/TiMaterialModule.h; sourceTree = "<group>"; };
		24DD6CF81134B3F500162E58 /* TiMaterialModule.m */ = {isa = PBXFileReference; fileEncoding = 4; lastKnownFileType = sourcecode.c.objc; name = TiMaterialModule.m; path = Classes/TiMaterialModule.m; sourceTree = "<group>"; };
		24DD6D1B1134B66800162E58 /* titanium.xcconfig */ = {isa = PBXFileReference; fileEncoding = 4; lastKnownFileType = text.xcconfig; path = titanium.xcconfig; sourceTree = "<group>"; };
		24DE9E0F11C5FE74003F90F6 /* TiMaterialModuleAssets.h */ = {isa = PBXFileReference; fileEncoding = 4; lastKnownFileType = sourcecode.c.h; name = TiMaterialModuleAssets.h; path = Classes/TiMaterialModuleAssets.h; sourceTree = "<group>"; };
		24DE9E1011C5FE74003F90F6 /* TiMaterialModuleAssets.m */ = {isa = PBXFileReference; fileEncoding = 4; lastKnownFileType = sourcecode.c.objc; name = TiMaterialModuleAssets.m; path = Classes/TiMaterialModuleAssets.m; sourceTree = "<group>"; };
		AA747D9E0F9514B9006C5449 /* TiMaterial_Prefix.pch */ = {isa = PBXFileReference; fileEncoding = 4; lastKnownFileType = sourcecode.c.h; path = TiMaterial_Prefix.pch; sourceTree = SOURCE_ROOT; };
		AACBBE490F95108600F1A2B1 /* Foundation.framework */ = {isa = PBXFileReference; lastKnownFileType = wrapper.framework; name = Foundation.framework; path = System/Library/Frameworks/Foundation.framework; sourceTree = SDKROOT; };
		D2AAC07E0554694100DB518D /* libti.material.a */ = {isa = PBXFileReference; explicitFileType = archive.ar; includeInIndex = 0; path = libti.material.a; sourceTree = BUILT_PRODUCTS_DIR; };
		D3A5C618208A53CB0016243F /* TiMaterialCardView.m */ = {isa = PBXFileReference; fileEncoding = 4; lastKnownFileType = sourcecode.c.objc; name = TiMaterialCardView.m; path = Classes/TiMaterialCardView.m; sourceTree = "<group>"; };
		D3A5C619208A53CB0016243F /* TiMaterialCardViewProxy.m */ = {isa = PBXFileReference; fileEncoding = 4; lastKnownFileType = sourcecode.c.objc; name = TiMaterialCardViewProxy.m; path = Classes/TiMaterialCardViewProxy.m; sourceTree = "<group>"; };
		D3A5C61A208A53CB0016243F /* TiMaterialCardViewProxy.h */ = {isa = PBXFileReference; fileEncoding = 4; lastKnownFileType = sourcecode.c.h; name = TiMaterialCardViewProxy.h; path = Classes/TiMaterialCardViewProxy.h; sourceTree = "<group>"; };
		D3A5C61B208A53CB0016243F /* TiMaterialCardView.h */ = {isa = PBXFileReference; fileEncoding = 4; lastKnownFileType = sourcecode.c.h; name = TiMaterialCardView.h; path = Classes/TiMaterialCardView.h; sourceTree = "<group>"; };
		DB21A3662027A91C00921236 /* Material.framework */ = {isa = PBXFileReference; lastKnownFileType = wrapper.framework; name = Material.framework; path = platform/Material.framework; sourceTree = "<group>"; };
		DB21A3672027A91C00921236 /* Motion.framework */ = {isa = PBXFileReference; lastKnownFileType = wrapper.framework; name = Motion.framework; path = platform/Motion.framework; sourceTree = "<group>"; };
		DB21A36A2027A99B00921236 /* TiMaterialRaisedButton.h */ = {isa = PBXFileReference; lastKnownFileType = sourcecode.c.h; name = TiMaterialRaisedButton.h; path = Classes/TiMaterialRaisedButton.h; sourceTree = "<group>"; };
		DB21A36B2027A99B00921236 /* TiMaterialRaisedButton.m */ = {isa = PBXFileReference; lastKnownFileType = sourcecode.c.objc; name = TiMaterialRaisedButton.m; path = Classes/TiMaterialRaisedButton.m; sourceTree = "<group>"; };
		DB21A36E2027ABA800921236 /* TiMaterialRaisedButtonProxy.h */ = {isa = PBXFileReference; lastKnownFileType = sourcecode.c.h; name = TiMaterialRaisedButtonProxy.h; path = Classes/TiMaterialRaisedButtonProxy.h; sourceTree = "<group>"; };
		DB21A36F2027ABA800921236 /* TiMaterialRaisedButtonProxy.m */ = {isa = PBXFileReference; lastKnownFileType = sourcecode.c.objc; name = TiMaterialRaisedButtonProxy.m; path = Classes/TiMaterialRaisedButtonProxy.m; sourceTree = "<group>"; };
		DB7054012086255500E89D8A /* TiMaterialTextFieldProxy.h */ = {isa = PBXFileReference; fileEncoding = 4; lastKnownFileType = sourcecode.c.h; name = TiMaterialTextFieldProxy.h; path = Classes/TiMaterialTextFieldProxy.h; sourceTree = "<group>"; };
		DB7054022086255500E89D8A /* TiMaterialTextField.h */ = {isa = PBXFileReference; fileEncoding = 4; lastKnownFileType = sourcecode.c.h; name = TiMaterialTextField.h; path = Classes/TiMaterialTextField.h; sourceTree = "<group>"; };
		DB7054032086255500E89D8A /* TiMaterialTextFieldProxy.m */ = {isa = PBXFileReference; fileEncoding = 4; lastKnownFileType = sourcecode.c.objc; name = TiMaterialTextFieldProxy.m; path = Classes/TiMaterialTextFieldProxy.m; sourceTree = "<group>"; };
		DB7054042086255500E89D8A /* TiMaterialTextField.m */ = {isa = PBXFileReference; fileEncoding = 4; lastKnownFileType = sourcecode.c.objc; name = TiMaterialTextField.m; path = Classes/TiMaterialTextField.m; sourceTree = "<group>"; };
/* End PBXFileReference section */

/* Begin PBXFrameworksBuildPhase section */
		D2AAC07C0554694100DB518D /* Frameworks */ = {
			isa = PBXFrameworksBuildPhase;
			buildActionMask = 2147483647;
			files = (
				AACBBE4A0F95108600F1A2B1 /* Foundation.framework in Frameworks */,
				DB21A3682027A91C00921236 /* Material.framework in Frameworks */,
				DB21A3692027A91C00921236 /* Motion.framework in Frameworks */,
			);
			runOnlyForDeploymentPostprocessing = 0;
		};
/* End PBXFrameworksBuildPhase section */

/* Begin PBXGroup section */
		034768DFFF38A50411DB9C8B /* Products */ = {
			isa = PBXGroup;
			children = (
				D2AAC07E0554694100DB518D /* libti.material.a */,
			);
			name = Products;
			sourceTree = "<group>";
		};
		0867D691FE84028FC02AAC07 /* titanium-material */ = {
			isa = PBXGroup;
			children = (
				08FB77AEFE84172EC02AAC07 /* Classes */,
				32C88DFF0371C24200C91783 /* Other Sources */,
				0867D69AFE84028FC02AAC07 /* Frameworks */,
				034768DFFF38A50411DB9C8B /* Products */,
			);
			name = "titanium-material";
			sourceTree = "<group>";
		};
		0867D69AFE84028FC02AAC07 /* Frameworks */ = {
			isa = PBXGroup;
			children = (
				DB21A3662027A91C00921236 /* Material.framework */,
				DB21A3672027A91C00921236 /* Motion.framework */,
				AACBBE490F95108600F1A2B1 /* Foundation.framework */,
			);
			name = Frameworks;
			sourceTree = "<group>";
		};
		08FB77AEFE84172EC02AAC07 /* Classes */ = {
			isa = PBXGroup;
			children = (
				24DE9E0F11C5FE74003F90F6 /* TiMaterialModuleAssets.h */,
				24DE9E1011C5FE74003F90F6 /* TiMaterialModuleAssets.m */,
				24DD6CF71134B3F500162E58 /* TiMaterialModule.h */,
				24DD6CF81134B3F500162E58 /* TiMaterialModule.m */,
				D3A5C620208A53D30016243F /* Card View */,
				DB705400208624D100E89D8A /* Text Field */,
				DB21A3722027ABAE00921236 /* Raised Button */,
			);
			name = Classes;
			sourceTree = "<group>";
		};
		32C88DFF0371C24200C91783 /* Other Sources */ = {
			isa = PBXGroup;
			children = (
				AA747D9E0F9514B9006C5449 /* TiMaterial_Prefix.pch */,
				24DD6D1B1134B66800162E58 /* titanium.xcconfig */,
			);
			name = "Other Sources";
			sourceTree = "<group>";
		};
		D3A5C620208A53D30016243F /* Card View */ = {
			isa = PBXGroup;
			children = (
				D3A5C61B208A53CB0016243F /* TiMaterialCardView.h */,
				D3A5C618208A53CB0016243F /* TiMaterialCardView.m */,
				D3A5C61A208A53CB0016243F /* TiMaterialCardViewProxy.h */,
				D3A5C619208A53CB0016243F /* TiMaterialCardViewProxy.m */,
			);
			name = "Card View";
			sourceTree = "<group>";
		};
		DB21A3722027ABAE00921236 /* Raised Button */ = {
			isa = PBXGroup;
			children = (
				DB21A36B2027A99B00921236 /* TiMaterialRaisedButton.m */,
				DB21A36A2027A99B00921236 /* TiMaterialRaisedButton.h */,
				DB21A36F2027ABA800921236 /* TiMaterialRaisedButtonProxy.m */,
				DB21A36E2027ABA800921236 /* TiMaterialRaisedButtonProxy.h */,
			);
			name = "Raised Button";
			sourceTree = "<group>";
		};
		DB705400208624D100E89D8A /* Text Field */ = {
			isa = PBXGroup;
			children = (
				DB7054022086255500E89D8A /* TiMaterialTextField.h */,
				DB7054042086255500E89D8A /* TiMaterialTextField.m */,
				DB7054012086255500E89D8A /* TiMaterialTextFieldProxy.h */,
				DB7054032086255500E89D8A /* TiMaterialTextFieldProxy.m */,
			);
			name = "Text Field";
			sourceTree = "<group>";
		};
/* End PBXGroup section */

/* Begin PBXHeadersBuildPhase section */
		D2AAC07A0554694100DB518D /* Headers */ = {
			isa = PBXHeadersBuildPhase;
			buildActionMask = 2147483647;
			files = (
				AA747D9F0F9514B9006C5449 /* TiMaterial_Prefix.pch in Headers */,
				DB7054052086255500E89D8A /* TiMaterialTextFieldProxy.h in Headers */,
				D3A5C61E208A53CC0016243F /* TiMaterialCardViewProxy.h in Headers */,
				24DD6CF91134B3F500162E58 /* TiMaterialModule.h in Headers */,
				DB21A3702027ABA800921236 /* TiMaterialRaisedButtonProxy.h in Headers */,
				DB21A36C2027A99B00921236 /* TiMaterialRaisedButton.h in Headers */,
				24DE9E1111C5FE74003F90F6 /* TiMaterialModuleAssets.h in Headers */,
				D3A5C61F208A53CC0016243F /* TiMaterialCardView.h in Headers */,
				DB7054062086255500E89D8A /* TiMaterialTextField.h in Headers */,
			);
			runOnlyForDeploymentPostprocessing = 0;
		};
/* End PBXHeadersBuildPhase section */

/* Begin PBXNativeTarget section */
		D2AAC07D0554694100DB518D /* titanium-material */ = {
			isa = PBXNativeTarget;
			buildConfigurationList = 1DEB921E08733DC00010E9CD /* Build configuration list for PBXNativeTarget "titanium-material" */;
			buildPhases = (
				D2AAC07A0554694100DB518D /* Headers */,
				D2AAC07B0554694100DB518D /* Sources */,
				D2AAC07C0554694100DB518D /* Frameworks */,
			);
			buildRules = (
			);
			dependencies = (
			);
			name = "titanium-material";
			productName = "titanium-material";
			productReference = D2AAC07E0554694100DB518D /* libti.material.a */;
			productType = "com.apple.product-type.library.static";
		};
/* End PBXNativeTarget section */

/* Begin PBXProject section */
		0867D690FE84028FC02AAC07 /* Project object */ = {
			isa = PBXProject;
			attributes = {
				LastUpgradeCheck = 0800;
			};
			buildConfigurationList = 1DEB922208733DC00010E9CD /* Build configuration list for PBXProject "titanium-material" */;
			compatibilityVersion = "Xcode 8.0";
			developmentRegion = English;
			hasScannedForEncodings = 1;
			knownRegions = (
				English,
				Japanese,
				French,
				German,
			);
			mainGroup = 0867D691FE84028FC02AAC07 /* titanium-material */;
			productRefGroup = 034768DFFF38A50411DB9C8B /* Products */;
			projectDirPath = "";
			projectRoot = "";
			targets = (
				D2AAC07D0554694100DB518D /* titanium-material */,
				24416B8111C4CA220047AFDD /* Build & Test */,
			);
		};
/* End PBXProject section */

/* Begin PBXShellScriptBuildPhase section */
		24416B8011C4CA220047AFDD /* ShellScript */ = {
			isa = PBXShellScriptBuildPhase;
			buildActionMask = 2147483647;
			files = (
			);
			inputPaths = (
			);
			outputPaths = (
			);
			runOnlyForDeploymentPostprocessing = 0;
			shellPath = /bin/sh;
			shellScript = "# shell script goes here\n\nappc run --project-dir \"${PROJECT_DIR}\"\nexit $?\n";
		};
/* End PBXShellScriptBuildPhase section */

/* Begin PBXSourcesBuildPhase section */
		D2AAC07B0554694100DB518D /* Sources */ = {
			isa = PBXSourcesBuildPhase;
			buildActionMask = 2147483647;
			files = (
				24DD6CFA1134B3F500162E58 /* TiMaterialModule.m in Sources */,
				D3A5C61C208A53CC0016243F /* TiMaterialCardView.m in Sources */,
				DB7054072086255500E89D8A /* TiMaterialTextFieldProxy.m in Sources */,
				24DE9E1211C5FE74003F90F6 /* TiMaterialModuleAssets.m in Sources */,
				DB21A3712027ABA800921236 /* TiMaterialRaisedButtonProxy.m in Sources */,
				DB21A36D2027A99B00921236 /* TiMaterialRaisedButton.m in Sources */,
				DB7054082086255500E89D8A /* TiMaterialTextField.m in Sources */,
				D3A5C61D208A53CC0016243F /* TiMaterialCardViewProxy.m in Sources */,
			);
			runOnlyForDeploymentPostprocessing = 0;
		};
/* End PBXSourcesBuildPhase section */

/* Begin PBXTargetDependency section */
		24416B8511C4CA280047AFDD /* PBXTargetDependency */ = {
			isa = PBXTargetDependency;
			target = D2AAC07D0554694100DB518D /* titanium-material */;
			targetProxy = 24416B8411C4CA280047AFDD /* PBXContainerItemProxy */;
		};
/* End PBXTargetDependency section */

/* Begin XCBuildConfiguration section */
		1DEB921F08733DC00010E9CD /* Debug */ = {
			isa = XCBuildConfiguration;
			baseConfigurationReference = 24DD6D1B1134B66800162E58 /* titanium.xcconfig */;
			buildSettings = {
				ALWAYS_EMBED_SWIFT_STANDARD_LIBRARIES = NO;
				CLANG_ENABLE_OBJC_ARC = YES;
				CODE_SIGN_IDENTITY = "iPhone Developer";
				"CODE_SIGN_IDENTITY[sdk=iphoneos*]" = "iPhone Developer";
				DSTROOT = /tmp/TiMaterial.dst;
				FRAMEWORK_SEARCH_PATHS = (
					"$(inherited)",
					"$(PROJECT_DIR)/platform",
				);
				GCC_C_LANGUAGE_STANDARD = c99;
				GCC_OPTIMIZATION_LEVEL = 0;
				GCC_PRECOMPILE_PREFIX_HEADER = YES;
				GCC_PREFIX_HEADER = TiMaterial_Prefix.pch;
				GCC_PREPROCESSOR_DEFINITIONS = "TI_VERSION=$(TI_VERSION)";
				GCC_TREAT_WARNINGS_AS_ERRORS = NO;
				GCC_VERSION = "";
				GCC_WARN_ABOUT_RETURN_TYPE = NO;
				GCC_WARN_MISSING_PARENTHESES = NO;
				GCC_WARN_SHADOW = NO;
				GCC_WARN_STRICT_SELECTOR_MATCH = NO;
				GCC_WARN_UNUSED_FUNCTION = YES;
				GCC_WARN_UNUSED_PARAMETER = NO;
				GCC_WARN_UNUSED_VALUE = NO;
				GCC_WARN_UNUSED_VARIABLE = NO;
				INSTALL_PATH = /usr/local/lib;
				IPHONEOS_DEPLOYMENT_TARGET = 8.0;
				LIBRARY_SEARCH_PATHS = "";
				OTHER_CFLAGS = (
					"-DDEBUG",
					"-DTI_POST_1_2",
				);
				OTHER_LDFLAGS = "-ObjC";
				PRODUCT_NAME = ti.material;
				PROVISIONING_PROFILE = "";
				"PROVISIONING_PROFILE[sdk=iphoneos*]" = "";
				RUN_CLANG_STATIC_ANALYZER = NO;
				SDKROOT = iphoneos;
				USER_HEADER_SEARCH_PATHS = "";
				WARNING_CFLAGS = "-Wno-arc-performSelector-leaks";
			};
			name = Debug;
		};
		1DEB922008733DC00010E9CD /* Release */ = {
			isa = XCBuildConfiguration;
			baseConfigurationReference = 24DD6D1B1134B66800162E58 /* titanium.xcconfig */;
			buildSettings = {
				ALWAYS_EMBED_SWIFT_STANDARD_LIBRARIES = NO;
				ALWAYS_SEARCH_USER_PATHS = NO;
				CLANG_ENABLE_OBJC_ARC = YES;
				DEPLOYMENT_POSTPROCESSING = YES;
				DSTROOT = /tmp/TiMaterial.dst;
				FRAMEWORK_SEARCH_PATHS = (
					"$(inherited)",
					"$(PROJECT_DIR)/platform",
				);
				GCC_C_LANGUAGE_STANDARD = c99;
				GCC_MODEL_TUNING = G5;
				GCC_PRECOMPILE_PREFIX_HEADER = YES;
				GCC_PREFIX_HEADER = TiMaterial_Prefix.pch;
				GCC_PREPROCESSOR_DEFINITIONS = (
					"TI_VERSION=$(TI_VERSION)",
					NDEBUG,
				);
				GCC_TREAT_WARNINGS_AS_ERRORS = NO;
				GCC_VERSION = "";
				GCC_WARN_ABOUT_RETURN_TYPE = NO;
				GCC_WARN_MISSING_PARENTHESES = NO;
				GCC_WARN_SHADOW = NO;
				GCC_WARN_STRICT_SELECTOR_MATCH = NO;
				GCC_WARN_UNUSED_FUNCTION = YES;
				GCC_WARN_UNUSED_PARAMETER = NO;
				GCC_WARN_UNUSED_VALUE = NO;
				GCC_WARN_UNUSED_VARIABLE = NO;
				INSTALL_PATH = /usr/local/lib;
				IPHONEOS_DEPLOYMENT_TARGET = 8.0;
				LIBRARY_SEARCH_PATHS = "";
				OTHER_CFLAGS = "-DTI_POST_1_2";
				OTHER_LDFLAGS = "-ObjC";
				PRODUCT_NAME = ti.material;
				RUN_CLANG_STATIC_ANALYZER = NO;
				SDKROOT = iphoneos;
				USER_HEADER_SEARCH_PATHS = "";
				WARNING_CFLAGS = "-Wno-arc-performSelector-leaks";
			};
			name = Release;
		};
		1DEB922308733DC00010E9CD /* Debug */ = {
			isa = XCBuildConfiguration;
			baseConfigurationReference = 24DD6D1B1134B66800162E58 /* titanium.xcconfig */;
			buildSettings = {
				ALWAYS_EMBED_SWIFT_STANDARD_LIBRARIES = YES;
				CLANG_CXX_LIBRARY = "libstdc++";
				CODE_SIGN_IDENTITY = "iPhone Developer";
				"CODE_SIGN_IDENTITY[sdk=iphoneos*]" = "iPhone Developer";
				DSTROOT = /tmp/TiMaterial.dst;
				GCC_C_LANGUAGE_STANDARD = c99;
				GCC_OPTIMIZATION_LEVEL = 0;
				GCC_PRECOMPILE_PREFIX_HEADER = YES;
				GCC_PREFIX_HEADER = TiMaterial_Prefix.pch;
				GCC_PREPROCESSOR_DEFINITIONS = "TI_VERSION=$(TI_VERSION)";
				GCC_TREAT_WARNINGS_AS_ERRORS = NO;
				GCC_VERSION = "";
				GCC_WARN_ABOUT_RETURN_TYPE = NO;
				GCC_WARN_MISSING_PARENTHESES = NO;
				GCC_WARN_SHADOW = NO;
				GCC_WARN_STRICT_SELECTOR_MATCH = NO;
				GCC_WARN_UNUSED_FUNCTION = YES;
				GCC_WARN_UNUSED_PARAMETER = NO;
				GCC_WARN_UNUSED_VALUE = NO;
				GCC_WARN_UNUSED_VARIABLE = NO;
				INSTALL_PATH = /usr/local/lib;
				ONLY_ACTIVE_ARCH = YES;
				OTHER_CFLAGS = (
					"-DDEBUG",
					"-DTI_POST_1_2",
				);
				OTHER_LDFLAGS = "-ObjC";
				PRODUCT_NAME = ti.material;
				PROVISIONING_PROFILE = "";
				"PROVISIONING_PROFILE[sdk=iphoneos*]" = "";
				RUN_CLANG_STATIC_ANALYZER = NO;
				SDKROOT = iphoneos;
				USER_HEADER_SEARCH_PATHS = "";
			};
			name = Debug;
		};
		1DEB922408733DC00010E9CD /* Release */ = {
			isa = XCBuildConfiguration;
			baseConfigurationReference = 24DD6D1B1134B66800162E58 /* titanium.xcconfig */;
			buildSettings = {
				ALWAYS_EMBED_SWIFT_STANDARD_LIBRARIES = YES;
				ALWAYS_SEARCH_USER_PATHS = NO;
				CLANG_CXX_LIBRARY = "libstdc++";
				DSTROOT = /tmp/TiMaterial.dst;
				GCC_C_LANGUAGE_STANDARD = c99;
				GCC_MODEL_TUNING = G5;
				GCC_PRECOMPILE_PREFIX_HEADER = YES;
				GCC_PREFIX_HEADER = TiMaterial_Prefix.pch;
				GCC_PREPROCESSOR_DEFINITIONS = "TI_VERSION=$(TI_VERSION)";
				GCC_TREAT_WARNINGS_AS_ERRORS = NO;
				GCC_VERSION = "";
				GCC_WARN_ABOUT_RETURN_TYPE = NO;
				GCC_WARN_MISSING_PARENTHESES = NO;
				GCC_WARN_SHADOW = NO;
				GCC_WARN_STRICT_SELECTOR_MATCH = NO;
				GCC_WARN_UNUSED_FUNCTION = YES;
				GCC_WARN_UNUSED_PARAMETER = NO;
				GCC_WARN_UNUSED_VALUE = NO;
				GCC_WARN_UNUSED_VARIABLE = NO;
				INSTALL_PATH = /usr/local/lib;
				IPHONEOS_DEPLOYMENT_TARGET = 8.0;
				OTHER_CFLAGS = "-DTI_POST_1_2";
				OTHER_LDFLAGS = "-ObjC";
				PRODUCT_NAME = ti.material;
				RUN_CLANG_STATIC_ANALYZER = NO;
				SDKROOT = iphoneos;
				USER_HEADER_SEARCH_PATHS = "";
			};
			name = Release;
		};
		24416B8211C4CA220047AFDD /* Debug */ = {
			isa = XCBuildConfiguration;
			baseConfigurationReference = 24DD6D1B1134B66800162E58 /* titanium.xcconfig */;
			buildSettings = {
				COPY_PHASE_STRIP = NO;
				GCC_DYNAMIC_NO_PIC = NO;
				GCC_OPTIMIZATION_LEVEL = 0;
				PRODUCT_NAME = "Build & test";
			};
			name = Debug;
		};
		24416B8311C4CA220047AFDD /* Release */ = {
			isa = XCBuildConfiguration;
			baseConfigurationReference = 24DD6D1B1134B66800162E58 /* titanium.xcconfig */;
			buildSettings = {
				COPY_PHASE_STRIP = YES;
				DEBUG_INFORMATION_FORMAT = "dwarf-with-dsym";
				GCC_ENABLE_FIX_AND_CONTINUE = NO;
				PRODUCT_NAME = "Build & test";
				ZERO_LINK = NO;
			};
			name = Release;
		};
/* End XCBuildConfiguration section */

/* Begin XCConfigurationList section */
		1DEB921E08733DC00010E9CD /* Build configuration list for PBXNativeTarget "titanium-material" */ = {
			isa = XCConfigurationList;
			buildConfigurations = (
				1DEB921F08733DC00010E9CD /* Debug */,
				1DEB922008733DC00010E9CD /* Release */,
			);
			defaultConfigurationIsVisible = 0;
			defaultConfigurationName = Release;
		};
		1DEB922208733DC00010E9CD /* Build configuration list for PBXProject "titanium-material" */ = {
			isa = XCConfigurationList;
			buildConfigurations = (
				1DEB922308733DC00010E9CD /* Debug */,
				1DEB922408733DC00010E9CD /* Release */,
			);
			defaultConfigurationIsVisible = 0;
			defaultConfigurationName = Release;
		};
		24416B8A11C4CA520047AFDD /* Build configuration list for PBXAggregateTarget "Build & Test" */ = {
			isa = XCConfigurationList;
			buildConfigurations = (
				24416B8211C4CA220047AFDD /* Debug */,
				24416B8311C4CA220047AFDD /* Release */,
			);
			defaultConfigurationIsVisible = 0;
			defaultConfigurationName = Release;
		};
/* End XCConfigurationList section */
	};
	rootObject = 0867D690FE84028FC02AAC07 /* Project object */;
}
